{
    "name": "hasty",
    "version": "0.0.1",
    "lockfileVersion": 1,
    "requires": true,
    "dependencies": {
        "colors": {
            "version": "0.5.1",
            "resolved": "https://registry.npmjs.org/colors/-/colors-0.5.1.tgz",
            "integrity": "sha1-fQAj6usVTo7p/Oddy5I9DtFmd3Q="
        },
        "jison-lex": {
            "version": "0.3.4",
            "resolved": "https://registry.npmjs.org/jison-lex/-/jison-lex-0.3.4.tgz",
            "integrity": "sha1-gcoo2E+ESZ36jFlNzePYo/Jux6U=",
            "requires": {
                "lex-parser": "0.1.x",
                "nomnom": "1.5.2"
            }
        },
        "lex-parser": {
            "version": "0.1.4",
            "resolved": "https://registry.npmjs.org/lex-parser/-/lex-parser-0.1.4.tgz",
            "integrity": "sha1-ZMTwJfF/1Tv7RXY/rrFvAVp0dVA="
        },
        "nomnom": {
            "version": "1.5.2",
            "resolved": "https://registry.npmjs.org/nomnom/-/nomnom-1.5.2.tgz",
            "integrity": "sha1-9DRUSKhTz71cDSYyDyR3qwUm/i8=",
            "requires": {
                "colors": "0.5.x",
                "underscore": "1.1.x"
            }
        },
        "underscore": {
            "version": "1.1.7",
            "resolved": "https://registry.npmjs.org/underscore/-/underscore-1.1.7.tgz",
            "integrity": "sha1-QLq4S60Z0jAJbo1u9ii/8FXYPbA="
        }
    }
}
